
Microsoft Visual Studio Solution File, Format Version 12.00
# Visual Studio Version 17
VisualStudioVersion = 17.7.34202.233
MinimumVisualStudioVersion = 10.0.40219.1
Project("{FAE04EC0-301F-11D3-BF4B-00C04F79EFBC}") = "ConsoleAppSem3", "ConsoleAppSem3\ConsoleAppSem3.csproj", "{AC99E7FB-AC09-43FA-8FCD-0C5BEDF3B1AD}"
EndProject
Global
	GlobalSection(SolutionConfigurationPlatforms) = preSolution
		Debug|Any CPU = Debug|Any CPU
		Release|Any CPU = Release|Any CPU
	EndGlobalSection
	GlobalSection(ProjectConfigurationPlatforms) = postSolution
		{AC99E7FB-AC09-43FA-8FCD-0C5BEDF3B1AD}.Debug|Any CPU.ActiveCfg = Debug|Any CPU
		{AC99E7FB-AC09-43FA-8FCD-0C5BEDF3B1AD}.Debug|Any CPU.Build.0 = Debug|Any CPU
		{AC99E7FB-AC09-43FA-8FCD-0C5BEDF3B1AD}.Release|Any CPU.ActiveCfg = Release|Any CPU
		{AC99E7FB-AC09-43FA-8FCD-0C5BEDF3B1AD}.Release|Any CPU.Build.0 = Release|Any CPU
	EndGlobalSection
	GlobalSection(SolutionProperties) = preSolution
		HideSolutionNode = FALSE
	EndGlobalSection
	GlobalSection(ExtensibilityGlobals) = postSolution
		SolutionGuid = {2C217A2A-1EA4-4D44-943E-4FDB3D1D4BBB}
	EndGlobalSection
EndGlobal
